
Microsoft Visual Studio Solution File, Format Version 12.00
# Visual Studio 14
VisualStudioVersion = 14.0.25420.1
MinimumVisualStudioVersion = 10.0.40219.1
Project("{FAE04EC0-301F-11D3-BF4B-00C04F79EFBC}") = "CountRealNumbers", "CountRealNumbers\CountRealNumbers.csproj", "{9832F1FB-29FE-4D53-98ED-D1B0E17042DF}"
EndProject
Global
	GlobalSection(SolutionConfigurationPlatforms) = preSolution
		Debug|Any CPU = Debug|Any CPU
		Release|Any CPU = Release|Any CPU
	EndGlobalSection
	GlobalSection(ProjectConfigurationPlatforms) = postSolution
		{9832F1FB-29FE-4D53-98ED-D1B0E17042DF}.Debug|Any CPU.ActiveCfg = Debug|Any CPU
		{9832F1FB-29FE-4D53-98ED-D1B0E17042DF}.Debug|Any CPU.Build.0 = Debug|Any CPU
		{9832F1FB-29FE-4D53-98ED-D1B0E17042DF}.Release|Any CPU.ActiveCfg = Release|Any CPU
		{9832F1FB-29FE-4D53-98ED-D1B0E17042DF}.Release|Any CPU.Build.0 = Release|Any CPU
	EndGlobalSection
	GlobalSection(SolutionProperties) = preSolution
		HideSolutionNode = FALSE
	EndGlobalSection
EndGlobal
