
Microsoft Visual Studio Solution File, Format Version 12.00
# Visual Studio 14
VisualStudioVersion = 14.0.25420.1
MinimumVisualStudioVersion = 10.0.40219.1
Project("{FAE04EC0-301F-11D3-BF4B-00C04F79EFBC}") = "CheckPrime", "CheckPrime\CheckPrime.csproj", "{063EF311-48AE-4AA6-9F02-2C606DE61FBC}"
EndProject
Global
	GlobalSection(SolutionConfigurationPlatforms) = preSolution
		Debug|Any CPU = Debug|Any CPU
		Release|Any CPU = Release|Any CPU
	EndGlobalSection
	GlobalSection(ProjectConfigurationPlatforms) = postSolution
		{063EF311-48AE-4AA6-9F02-2C606DE61FBC}.Debug|Any CPU.ActiveCfg = Debug|Any CPU
		{063EF311-48AE-4AA6-9F02-2C606DE61FBC}.Debug|Any CPU.Build.0 = Debug|Any CPU
		{063EF311-48AE-4AA6-9F02-2C606DE61FBC}.Release|Any CPU.ActiveCfg = Release|Any CPU
		{063EF311-48AE-4AA6-9F02-2C606DE61FBC}.Release|Any CPU.Build.0 = Release|Any CPU
	EndGlobalSection
	GlobalSection(SolutionProperties) = preSolution
		HideSolutionNode = FALSE
	EndGlobalSection
EndGlobal
